// !$*UTF8*$!
{
	archiveVersion = 1;
	classes = {
	};
	objectVersion = 48;
	objects = {

/* Begin PBXBuildFile section */
		4A42E81B20048B4D00895590 /* AppDelegate.m in Sources */ = {isa = PBXBuildFile; fileRef = 4A42E81A20048B4D00895590 /* AppDelegate.m */; };
		4A42E81E20048B4D00895590 /* ViewController.m in Sources */ = {isa = PBXBuildFile; fileRef = 4A42E81D20048B4D00895590 /* ViewController.m */; };
		4A42E82120048B4D00895590 /* Main.storyboard in Resources */ = {isa = PBXBuildFile; fileRef = 4A42E81F20048B4D00895590 /* Main.storyboard */; };
		4A42E82320048B4D00895590 /* Assets.xcassets in Resources */ = {isa = PBXBuildFile; fileRef = 4A42E82220048B4D00895590 /* Assets.xcassets */; };
		4A42E82620048B4D00895590 /* LaunchScreen.storyboard in Resources */ = {isa = PBXBuildFile; fileRef = 4A42E82420048B4D00895590 /* LaunchScreen.storyboard */; };
		4A42E82920048B4D00895590 /* main.m in Sources */ = {isa = PBXBuildFile; fileRef = 4A42E82820048B4D00895590 /* main.m */; };
		4A42E83420048BE300895590 /* UIColor+HexColor.m in Sources */ = {isa = PBXBuildFile; fileRef = 4A42E83020048BE200895590 /* UIColor+HexColor.m */; };
		4A42E83520048BE300895590 /* UIColor+CustomColors.m in Sources */ = {isa = PBXBuildFile; fileRef = 4A42E83120048BE300895590 /* UIColor+CustomColors.m */; };
		4A42E83920048BF700895590 /* NSString+md5.m in Sources */ = {isa = PBXBuildFile; fileRef = 4A42E83720048BF600895590 /* NSString+md5.m */; };
		4A42E84120048C0B00895590 /* NSArray+HYBUnicodeReadable.m in Sources */ = {isa = PBXBuildFile; fileRef = 4A42E83B20048C0A00895590 /* NSArray+HYBUnicodeReadable.m */; };
		4A42E84220048C0B00895590 /* NSDictionary+HYBUnicodeReadable.m in Sources */ = {isa = PBXBuildFile; fileRef = 4A42E83E20048C0A00895590 /* NSDictionary+HYBUnicodeReadable.m */; };
		4A42E84320048C0B00895590 /* NSSet+HYBUnicodeReadable.m in Sources */ = {isa = PBXBuildFile; fileRef = 4A42E83F20048C0A00895590 /* NSSet+HYBUnicodeReadable.m */; };
		4A42E84920048C2000895590 /* MFManager.m in Sources */ = {isa = PBXBuildFile; fileRef = 4A42E84620048C1F00895590 /* MFManager.m */; };
		4A42E84A20048C2000895590 /* MFDeviceInfoManager.m in Sources */ = {isa = PBXBuildFile; fileRef = 4A42E84720048C2000895590 /* MFDeviceInfoManager.m */; };
		4A42E84E20048C3100895590 /* UINavigationController+FDFullscreenPopGesture.m in Sources */ = {isa = PBXBuildFile; fileRef = 4A42E84C20048C3100895590 /* UINavigationController+FDFullscreenPopGesture.m */; };
		4A42E85220048C4700895590 /* NSTimer+MFWeakTimer.m in Sources */ = {isa = PBXBuildFile; fileRef = 4A42E85020048C4600895590 /* NSTimer+MFWeakTimer.m */; };
/* End PBXBuildFile section */

/* Begin PBXFileReference section */
		4A42E81620048B4D00895590 /* MFBCL.app */ = {isa = PBXFileReference; explicitFileType = wrapper.application; includeInIndex = 0; path = MFBCL.app; sourceTree = BUILT_PRODUCTS_DIR; };
		4A42E81920048B4D00895590 /* AppDelegate.h */ = {isa = PBXFileReference; lastKnownFileType = sourcecode.c.h; path = AppDelegate.h; sourceTree = "<group>"; };
		4A42E81A20048B4D00895590 /* AppDelegate.m */ = {isa = PBXFileReference; lastKnownFileType = sourcecode.c.objc; path = AppDelegate.m; sourceTree = "<group>"; };
		4A42E81C20048B4D00895590 /* ViewController.h */ = {isa = PBXFileReference; lastKnownFileType = sourcecode.c.h; path = ViewController.h; sourceTree = "<group>"; };
		4A42E81D20048B4D00895590 /* ViewController.m */ = {isa = PBXFileReference; lastKnownFileType = sourcecode.c.objc; path = ViewController.m; sourceTree = "<group>"; };
		4A42E82020048B4D00895590 /* Base */ = {isa = PBXFileReference; lastKnownFileType = file.storyboard; name = Base; path = Base.lproj/Main.storyboard; sourceTree = "<group>"; };
		4A42E82220048B4D00895590 /* Assets.xcassets */ = {isa = PBXFileReference; lastKnownFileType = folder.assetcatalog; path = Assets.xcassets; sourceTree = "<group>"; };
		4A42E82520048B4D00895590 /* Base */ = {isa = PBXFileReference; lastKnownFileType = file.storyboard; name = Base; path = Base.lproj/LaunchScreen.storyboard; sourceTree = "<group>"; };
		4A42E82720048B4D00895590 /* Info.plist */ = {isa = PBXFileReference; lastKnownFileType = text.plist.xml; path = Info.plist; sourceTree = "<group>"; };
		4A42E82820048B4D00895590 /* main.m */ = {isa = PBXFileReference; lastKnownFileType = sourcecode.c.objc; path = main.m; sourceTree = "<group>"; };
		4A42E83020048BE200895590 /* UIColor+HexColor.m */ = {isa = PBXFileReference; fileEncoding = 4; lastKnownFileType = sourcecode.c.objc; path = "UIColor+HexColor.m"; sourceTree = "<group>"; };
		4A42E83120048BE300895590 /* UIColor+CustomColors.m */ = {isa = PBXFileReference; fileEncoding = 4; lastKnownFileType = sourcecode.c.objc; path = "UIColor+CustomColors.m"; sourceTree = "<group>"; };
		4A42E83220048BE300895590 /* UIColor+CustomColors.h */ = {isa = PBXFileReference; fileEncoding = 4; lastKnownFileType = sourcecode.c.h; path = "UIColor+CustomColors.h"; sourceTree = "<group>"; };
		4A42E83320048BE300895590 /* UIColor+HexColor.h */ = {isa = PBXFileReference; fileEncoding = 4; lastKnownFileType = sourcecode.c.h; path = "UIColor+HexColor.h"; sourceTree = "<group>"; };
		4A42E83720048BF600895590 /* NSString+md5.m */ = {isa = PBXFileReference; fileEncoding = 4; lastKnownFileType = sourcecode.c.objc; path = "NSString+md5.m"; sourceTree = "<group>"; };
		4A42E83820048BF600895590 /* NSString+md5.h */ = {isa = PBXFileReference; fileEncoding = 4; lastKnownFileType = sourcecode.c.h; path = "NSString+md5.h"; sourceTree = "<group>"; };
		4A42E83B20048C0A00895590 /* NSArray+HYBUnicodeReadable.m */ = {isa = PBXFileReference; fileEncoding = 4; lastKnownFileType = sourcecode.c.objc; path = "NSArray+HYBUnicodeReadable.m"; sourceTree = "<group>"; };
		4A42E83C20048C0A00895590 /* NSDictionary+HYBUnicodeReadable.h */ = {isa = PBXFileReference; fileEncoding = 4; lastKnownFileType = sourcecode.c.h; path = "NSDictionary+HYBUnicodeReadable.h"; sourceTree = "<group>"; };
		4A42E83D20048C0A00895590 /* NSSet+HYBUnicodeReadable.h */ = {isa = PBXFileReference; fileEncoding = 4; lastKnownFileType = sourcecode.c.h; path = "NSSet+HYBUnicodeReadable.h"; sourceTree = "<group>"; };
		4A42E83E20048C0A00895590 /* NSDictionary+HYBUnicodeReadable.m */ = {isa = PBXFileReference; fileEncoding = 4; lastKnownFileType = sourcecode.c.objc; path = "NSDictionary+HYBUnicodeReadable.m"; sourceTree = "<group>"; };
		4A42E83F20048C0A00895590 /* NSSet+HYBUnicodeReadable.m */ = {isa = PBXFileReference; fileEncoding = 4; lastKnownFileType = sourcecode.c.objc; path = "NSSet+HYBUnicodeReadable.m"; sourceTree = "<group>"; };
		4A42E84020048C0B00895590 /* NSArray+HYBUnicodeReadable.h */ = {isa = PBXFileReference; fileEncoding = 4; lastKnownFileType = sourcecode.c.h; path = "NSArray+HYBUnicodeReadable.h"; sourceTree = "<group>"; };
		4A42E84520048C1F00895590 /* MFManager.h */ = {isa = PBXFileReference; fileEncoding = 4; lastKnownFileType = sourcecode.c.h; path = MFManager.h; sourceTree = "<group>"; };
		4A42E84620048C1F00895590 /* MFManager.m */ = {isa = PBXFileReference; fileEncoding = 4; lastKnownFileType = sourcecode.c.objc; path = MFManager.m; sourceTree = "<group>"; };
		4A42E84720048C2000895590 /* MFDeviceInfoManager.m */ = {isa = PBXFileReference; fileEncoding = 4; lastKnownFileType = sourcecode.c.objc; path = MFDeviceInfoManager.m; sourceTree = "<group>"; };
		4A42E84820048C2000895590 /* MFDeviceInfoManager.h */ = {isa = PBXFileReference; fileEncoding = 4; lastKnownFileType = sourcecode.c.h; path = MFDeviceInfoManager.h; sourceTree = "<group>"; };
		4A42E84C20048C3100895590 /* UINavigationController+FDFullscreenPopGesture.m */ = {isa = PBXFileReference; fileEncoding = 4; lastKnownFileType = sourcecode.c.objc; path = "UINavigationController+FDFullscreenPopGesture.m"; sourceTree = "<group>"; };
		4A42E84D20048C3100895590 /* UINavigationController+FDFullscreenPopGesture.h */ = {isa = PBXFileReference; fileEncoding = 4; lastKnownFileType = sourcecode.c.h; path = "UINavigationController+FDFullscreenPopGesture.h"; sourceTree = "<group>"; };
		4A42E85020048C4600895590 /* NSTimer+MFWeakTimer.m */ = {isa = PBXFileReference; fileEncoding = 4; lastKnownFileType = sourcecode.c.objc; path = "NSTimer+MFWeakTimer.m"; sourceTree = "<group>"; };
		4A42E85120048C4700895590 /* NSTimer+MFWeakTimer.h */ = {isa = PBXFileReference; fileEncoding = 4; lastKnownFileType = sourcecode.c.h; path = "NSTimer+MFWeakTimer.h"; sourceTree = "<group>"; };
/* End PBXFileReference section */

/* Begin PBXFrameworksBuildPhase section */
		4A42E81320048B4D00895590 /* Frameworks */ = {
			isa = PBXFrameworksBuildPhase;
			buildActionMask = 2147483647;
			files = (
			);
			runOnlyForDeploymentPostprocessing = 0;
		};
/* End PBXFrameworksBuildPhase section */

/* Begin PBXGroup section */
		4A42E80D20048B4D00895590 = {
			isa = PBXGroup;
			children = (
				4A42E81820048B4D00895590 /* MFBCL */,
				4A42E81720048B4D00895590 /* Products */,
			);
			sourceTree = "<group>";
		};
		4A42E81720048B4D00895590 /* Products */ = {
			isa = PBXGroup;
			children = (
				4A42E81620048B4D00895590 /* MFBCL.app */,
			);
			name = Products;
			sourceTree = "<group>";
		};
		4A42E81820048B4D00895590 /* MFBCL */ = {
			isa = PBXGroup;
			children = (
				4A42E85320048DFE00895590 /* MFBCLLib */,
				4A42E81920048B4D00895590 /* AppDelegate.h */,
				4A42E81A20048B4D00895590 /* AppDelegate.m */,
				4A42E81C20048B4D00895590 /* ViewController.h */,
				4A42E81D20048B4D00895590 /* ViewController.m */,
				4A42E81F20048B4D00895590 /* Main.storyboard */,
				4A42E82220048B4D00895590 /* Assets.xcassets */,
				4A42E82420048B4D00895590 /* LaunchScreen.storyboard */,
				4A42E82720048B4D00895590 /* Info.plist */,
				4A42E82820048B4D00895590 /* main.m */,
			);
			path = MFBCL;
			sourceTree = "<group>";
		};
		4A42E82F20048BC800895590 /* ColorCategory */ = {
			isa = PBXGroup;
			children = (
				4A42E83320048BE300895590 /* UIColor+HexColor.h */,
				4A42E83020048BE200895590 /* UIColor+HexColor.m */,
				4A42E83220048BE300895590 /* UIColor+CustomColors.h */,
				4A42E83120048BE300895590 /* UIColor+CustomColors.m */,
			);
			path = ColorCategory;
			sourceTree = "<group>";
		};
		4A42E83620048BE900895590 /* StringCategory */ = {
			isa = PBXGroup;
			children = (
				4A42E83820048BF600895590 /* NSString+md5.h */,
				4A42E83720048BF600895590 /* NSString+md5.m */,
			);
			path = StringCategory;
			sourceTree = "<group>";
		};
		4A42E83A20048BFD00895590 /* UnicodeLog */ = {
			isa = PBXGroup;
			children = (
				4A42E84020048C0B00895590 /* NSArray+HYBUnicodeReadable.h */,
				4A42E83B20048C0A00895590 /* NSArray+HYBUnicodeReadable.m */,
				4A42E83C20048C0A00895590 /* NSDictionary+HYBUnicodeReadable.h */,
				4A42E83E20048C0A00895590 /* NSDictionary+HYBUnicodeReadable.m */,
				4A42E83D20048C0A00895590 /* NSSet+HYBUnicodeReadable.h */,
				4A42E83F20048C0A00895590 /* NSSet+HYBUnicodeReadable.m */,
			);
			path = UnicodeLog;
			sourceTree = "<group>";
		};
		4A42E84420048C1400895590 /* Manager */ = {
			isa = PBXGroup;
			children = (
				4A42E84520048C1F00895590 /* MFManager.h */,
				4A42E84620048C1F00895590 /* MFManager.m */,
				4A42E84820048C2000895590 /* MFDeviceInfoManager.h */,
				4A42E84720048C2000895590 /* MFDeviceInfoManager.m */,
			);
			path = Manager;
			sourceTree = "<group>";
		};
		4A42E84B20048C2500895590 /* FullGesture */ = {
			isa = PBXGroup;
			children = (
				4A42E84D20048C3100895590 /* UINavigationController+FDFullscreenPopGesture.h */,
				4A42E84C20048C3100895590 /* UINavigationController+FDFullscreenPopGesture.m */,
			);
			path = FullGesture;
			sourceTree = "<group>";
		};
		4A42E84F20048C3900895590 /* TimerCategory */ = {
			isa = PBXGroup;
			children = (
				4A42E85120048C4700895590 /* NSTimer+MFWeakTimer.h */,
				4A42E85020048C4600895590 /* NSTimer+MFWeakTimer.m */,
			);
			path = TimerCategory;
			sourceTree = "<group>";
		};
		4A42E85320048DFE00895590 /* MFBCLLib */ = {
			isa = PBXGroup;
			children = (
				4A42E84F20048C3900895590 /* TimerCategory */,
				4A42E84B20048C2500895590 /* FullGesture */,
				4A42E84420048C1400895590 /* Manager */,
				4A42E83A20048BFD00895590 /* UnicodeLog */,
				4A42E83620048BE900895590 /* StringCategory */,
				4A42E82F20048BC800895590 /* ColorCategory */,
			);
			path = MFBCLLib;
			sourceTree = "<group>";
		};
/* End PBXGroup section */

/* Begin PBXNativeTarget section */
		4A42E81520048B4D00895590 /* MFBCL */ = {
			isa = PBXNativeTarget;
			buildConfigurationList = 4A42E82C20048B4D00895590 /* Build configuration list for PBXNativeTarget "MFBCL" */;
			buildPhases = (
				4A42E81220048B4D00895590 /* Sources */,
				4A42E81320048B4D00895590 /* Frameworks */,
				4A42E81420048B4D00895590 /* Resources */,
			);
			buildRules = (
			);
			dependencies = (
			);
			name = MFBCL;
			productName = MFBCL;
			productReference = 4A42E81620048B4D00895590 /* MFBCL.app */;
			productType = "com.apple.product-type.application";
		};
/* End PBXNativeTarget section */

/* Begin PBXProject section */
		4A42E80E20048B4D00895590 /* Project object */ = {
			isa = PBXProject;
			attributes = {
				LastUpgradeCheck = 0910;
				ORGANIZATIONNAME = "张冬冬";
				TargetAttributes = {
					4A42E81520048B4D00895590 = {
						CreatedOnToolsVersion = 9.1;
						ProvisioningStyle = Automatic;
					};
				};
			};
			buildConfigurationList = 4A42E81120048B4D00895590 /* Build configuration list for PBXProject "MFBCL" */;
			compatibilityVersion = "Xcode 8.0";
			developmentRegion = en;
			hasScannedForEncodings = 0;
			knownRegions = (
				en,
				Base,
			);
			mainGroup = 4A42E80D20048B4D00895590;
			productRefGroup = 4A42E81720048B4D00895590 /* Products */;
			projectDirPath = "";
			projectRoot = "";
			targets = (
				4A42E81520048B4D00895590 /* MFBCL */,
			);
		};
/* End PBXProject section */

/* Begin PBXResourcesBuildPhase section */
		4A42E81420048B4D00895590 /* Resources */ = {
			isa = PBXResourcesBuildPhase;
			buildActionMask = 2147483647;
			files = (
				4A42E82620048B4D00895590 /* LaunchScreen.storyboard in Resources */,
				4A42E82320048B4D00895590 /* Assets.xcassets in Resources */,
				4A42E82120048B4D00895590 /* Main.storyboard in Resources */,
			);
			runOnlyForDeploymentPostprocessing = 0;
		};
/* End PBXResourcesBuildPhase section */

/* Begin PBXSourcesBuildPhase section */
		4A42E81220048B4D00895590 /* Sources */ = {
			isa = PBXSourcesBuildPhase;
			buildActionMask = 2147483647;
			files = (
				4A42E85220048C4700895590 /* NSTimer+MFWeakTimer.m in Sources */,
				4A42E84A20048C2000895590 /* MFDeviceInfoManager.m in Sources */,
				4A42E84320048C0B00895590 /* NSSet+HYBUnicodeReadable.m in Sources */,
				4A42E84220048C0B00895590 /* NSDictionary+HYBUnicodeReadable.m in Sources */,
				4A42E83920048BF700895590 /* NSString+md5.m in Sources */,
				4A42E81E20048B4D00895590 /* ViewController.m in Sources */,
				4A42E83420048BE300895590 /* UIColor+HexColor.m in Sources */,
				4A42E84E20048C3100895590 /* UINavigationController+FDFullscreenPopGesture.m in Sources */,
				4A42E83520048BE300895590 /* UIColor+CustomColors.m in Sources */,
				4A42E84920048C2000895590 /* MFManager.m in Sources */,
				4A42E82920048B4D00895590 /* main.m in Sources */,
				4A42E81B20048B4D00895590 /* AppDelegate.m in Sources */,
				4A42E84120048C0B00895590 /* NSArray+HYBUnicodeReadable.m in Sources */,
			);
			runOnlyForDeploymentPostprocessing = 0;
		};
/* End PBXSourcesBuildPhase section */

/* Begin PBXVariantGroup section */
		4A42E81F20048B4D00895590 /* Main.storyboard */ = {
			isa = PBXVariantGroup;
			children = (
				4A42E82020048B4D00895590 /* Base */,
			);
			name = Main.storyboard;
			sourceTree = "<group>";
		};
		4A42E82420048B4D00895590 /* LaunchScreen.storyboard */ = {
			isa = PBXVariantGroup;
			children = (
				4A42E82520048B4D00895590 /* Base */,
			);
			name = LaunchScreen.storyboard;
			sourceTree = "<group>";
		};
/* End PBXVariantGroup section */

/* Begin XCBuildConfiguration section */
		4A42E82A20048B4D00895590 /* Debug */ = {
			isa = XCBuildConfiguration;
			buildSettings = {
				ALWAYS_SEARCH_USER_PATHS = NO;
				CLANG_ANALYZER_NONNULL = YES;
				CLANG_ANALYZER_NUMBER_OBJECT_CONVERSION = YES_AGGRESSIVE;
				CLANG_CXX_LANGUAGE_STANDARD = "gnu++14";
				CLANG_CXX_LIBRARY = "libc++";
				CLANG_ENABLE_MODULES = YES;
				CLANG_ENABLE_OBJC_ARC = YES;
				CLANG_WARN_BLOCK_CAPTURE_AUTORELEASING = YES;
				CLANG_WARN_BOOL_CONVERSION = YES;
				CLANG_WARN_COMMA = YES;
				CLANG_WARN_CONSTANT_CONVERSION = YES;
				CLANG_WARN_DIRECT_OBJC_ISA_USAGE = YES_ERROR;
				CLANG_WARN_DOCUMENTATION_COMMENTS = YES;
				CLANG_WARN_EMPTY_BODY = YES;
				CLANG_WARN_ENUM_CONVERSION = YES;
				CLANG_WARN_INFINITE_RECURSION = YES;
				CLANG_WARN_INT_CONVERSION = YES;
				CLANG_WARN_NON_LITERAL_NULL_CONVERSION = YES;
				CLANG_WARN_OBJC_LITERAL_CONVERSION = YES;
				CLANG_WARN_OBJC_ROOT_CLASS = YES_ERROR;
				CLANG_WARN_RANGE_LOOP_ANALYSIS = YES;
				CLANG_WARN_STRICT_PROTOTYPES = YES;
				CLANG_WARN_SUSPICIOUS_MOVE = YES;
				CLANG_WARN_UNGUARDED_AVAILABILITY = YES_AGGRESSIVE;
				CLANG_WARN_UNREACHABLE_CODE = YES;
				CLANG_WARN__DUPLICATE_METHOD_MATCH = YES;
				CODE_SIGN_IDENTITY = "iPhone Developer";
				COPY_PHASE_STRIP = NO;
				DEBUG_INFORMATION_FORMAT = dwarf;
				ENABLE_STRICT_OBJC_MSGSEND = YES;
				ENABLE_TESTABILITY = YES;
				GCC_C_LANGUAGE_STANDARD = gnu11;
				GCC_DYNAMIC_NO_PIC = NO;
				GCC_NO_COMMON_BLOCKS = YES;
				GCC_OPTIMIZATION_LEVEL = 0;
				GCC_PREPROCESSOR_DEFINITIONS = (
					"DEBUG=1",
					"$(inherited)",
				);
				GCC_WARN_64_TO_32_BIT_CONVERSION = YES;
				GCC_WARN_ABOUT_RETURN_TYPE = YES_ERROR;
				GCC_WARN_UNDECLARED_SELECTOR = YES;
				GCC_WARN_UNINITIALIZED_AUTOS = YES_AGGRESSIVE;
				GCC_WARN_UNUSED_FUNCTION = YES;
				GCC_WARN_UNUSED_VARIABLE = YES;
				IPHONEOS_DEPLOYMENT_TARGET = 11.1;
				MTL_ENABLE_DEBUG_INFO = YES;
				ONLY_ACTIVE_ARCH = YES;
				SDKROOT = iphoneos;
			};
			name = Debug;
		};
		4A42E82B20048B4D00895590 /* Release */ = {
			isa = XCBuildConfiguration;
			buildSettings = {
				ALWAYS_SEARCH_USER_PATHS = NO;
				CLANG_ANALYZER_NONNULL = YES;
				CLANG_ANALYZER_NUMBER_OBJECT_CONVERSION = YES_AGGRESSIVE;
				CLANG_CXX_LANGUAGE_STANDARD = "gnu++14";
				CLANG_CXX_LIBRARY = "libc++";
				CLANG_ENABLE_MODULES = YES;
				CLANG_ENABLE_OBJC_ARC = YES;
				CLANG_WARN_BLOCK_CAPTURE_AUTORELEASING = YES;
				CLANG_WARN_BOOL_CONVERSION = YES;
				CLANG_WARN_COMMA = YES;
				CLANG_WARN_CONSTANT_CONVERSION = YES;
				CLANG_WARN_DIRECT_OBJC_ISA_USAGE = YES_ERROR;
				CLANG_WARN_DOCUMENTATION_COMMENTS = YES;
				CLANG_WARN_EMPTY_BODY = YES;
				CLANG_WARN_ENUM_CONVERSION = YES;
				CLANG_WARN_INFINITE_RECURSION = YES;
				CLANG_WARN_INT_CONVERSION = YES;
				CLANG_WARN_NON_LITERAL_NULL_CONVERSION = YES;
				CLANG_WARN_OBJC_LITERAL_CONVERSION = YES;
				CLANG_WARN_OBJC_ROOT_CLASS = YES_ERROR;
				CLANG_WARN_RANGE_LOOP_ANALYSIS = YES;
				CLANG_WARN_STRICT_PROTOTYPES = YES;
				CLANG_WARN_SUSPICIOUS_MOVE = YES;
				CLANG_WARN_UNGUARDED_AVAILABILITY = YES_AGGRESSIVE;
				CLANG_WARN_UNREACHABLE_CODE = YES;
				CLANG_WARN__DUPLICATE_METHOD_MATCH = YES;
				CODE_SIGN_IDENTITY = "iPhone Developer";
				COPY_PHASE_STRIP = NO;
				DEBUG_INFORMATION_FORMAT = "dwarf-with-dsym";
				ENABLE_NS_ASSERTIONS = NO;
				ENABLE_STRICT_OBJC_MSGSEND = YES;
				GCC_C_LANGUAGE_STANDARD = gnu11;
				GCC_NO_COMMON_BLOCKS = YES;
				GCC_WARN_64_TO_32_BIT_CONVERSION = YES;
				GCC_WARN_ABOUT_RETURN_TYPE = YES_ERROR;
				GCC_WARN_UNDECLARED_SELECTOR = YES;
				GCC_WARN_UNINITIALIZED_AUTOS = YES_AGGRESSIVE;
				GCC_WARN_UNUSED_FUNCTION = YES;
				GCC_WARN_UNUSED_VARIABLE = YES;
				IPHONEOS_DEPLOYMENT_TARGET = 11.1;
				MTL_ENABLE_DEBUG_INFO = NO;
				SDKROOT = iphoneos;
				VALIDATE_PRODUCT = YES;
			};
			name = Release;
		};
		4A42E82D20048B4D00895590 /* Debug */ = {
			isa = XCBuildConfiguration;
			buildSettings = {
				ASSETCATALOG_COMPILER_APPICON_NAME = AppIcon;
				CODE_SIGN_STYLE = Automatic;
				DEVELOPMENT_TEAM = 5D33D27VC6;
				INFOPLIST_FILE = MFBCL/Info.plist;
				LD_RUNPATH_SEARCH_PATHS = "$(inherited) @executable_path/Frameworks";
				PRODUCT_BUNDLE_IDENTIFIER = net.microfeel.MFBCL;
				PRODUCT_NAME = "$(TARGET_NAME)";
				TARGETED_DEVICE_FAMILY = "1,2";
			};
			name = Debug;
		};
		4A42E82E20048B4D00895590 /* Release */ = {
			isa = XCBuildConfiguration;
			buildSettings = {
				ASSETCATALOG_COMPILER_APPICON_NAME = AppIcon;
				CODE_SIGN_STYLE = Automatic;
				DEVELOPMENT_TEAM = 5D33D27VC6;
				INFOPLIST_FILE = MFBCL/Info.plist;
				LD_RUNPATH_SEARCH_PATHS = "$(inherited) @executable_path/Frameworks";
				PRODUCT_BUNDLE_IDENTIFIER = net.microfeel.MFBCL;
				PRODUCT_NAME = "$(TARGET_NAME)";
				TARGETED_DEVICE_FAMILY = "1,2";
			};
			name = Release;
		};
/* End XCBuildConfiguration section */

/* Begin XCConfigurationList section */
		4A42E81120048B4D00895590 /* Build configuration list for PBXProject "MFBCL" */ = {
			isa = XCConfigurationList;
			buildConfigurations = (
				4A42E82A20048B4D00895590 /* Debug */,
				4A42E82B20048B4D00895590 /* Release */,
			);
			defaultConfigurationIsVisible = 0;
			defaultConfigurationName = Release;
		};
		4A42E82C20048B4D00895590 /* Build configuration list for PBXNativeTarget "MFBCL" */ = {
			isa = XCConfigurationList;
			buildConfigurations = (
				4A42E82D20048B4D00895590 /* Debug */,
				4A42E82E20048B4D00895590 /* Release */,
			);
			defaultConfigurationIsVisible = 0;
			defaultConfigurationName = Release;
		};
/* End XCConfigurationList section */
	};
	rootObject = 4A42E80E20048B4D00895590 /* Project object */;
}
